
Microsoft Visual Studio Solution File, Format Version 12.00
# Visual Studio Version 17
VisualStudioVersion = 17.4.33122.133
MinimumVisualStudioVersion = 10.0.40219.1
Project("{FAE04EC0-301F-11D3-BF4B-00C04F79EFBC}") = "Fiorello", "Fiorello\Fiorello.csproj", "{5816698D-421B-4EB7-B39D-B14CBC2CC031}"
EndProject
Global
	GlobalSection(SolutionConfigurationPlatforms) = preSolution
		Debug|Any CPU = Debug|Any CPU
		Release|Any CPU = Release|Any CPU
	EndGlobalSection
	GlobalSection(ProjectConfigurationPlatforms) = postSolution
		{5816698D-421B-4EB7-B39D-B14CBC2CC031}.Debug|Any CPU.ActiveCfg = Debug|Any CPU
		{5816698D-421B-4EB7-B39D-B14CBC2CC031}.Debug|Any CPU.Build.0 = Debug|Any CPU
		{5816698D-421B-4EB7-B39D-B14CBC2CC031}.Release|Any CPU.ActiveCfg = Release|Any CPU
		{5816698D-421B-4EB7-B39D-B14CBC2CC031}.Release|Any CPU.Build.0 = Release|Any CPU
	EndGlobalSection
	GlobalSection(SolutionProperties) = preSolution
		HideSolutionNode = FALSE
	EndGlobalSection
	GlobalSection(ExtensibilityGlobals) = postSolution
		SolutionGuid = {59A62894-7AC2-494B-A10A-5E4C7B8A6901}
	EndGlobalSection
EndGlobal
